# THIS IS AN AUTOGENERATED FILE. DO NOT EDIT THIS FILE DIRECTLY.
# yarn lockfile v1


"@sentry/browser@^5.21.1":
  version "5.21.1"
  resolved "https://registry.yarnpkg.com/@sentry/browser/-/browser-5.21.1.tgz#864b7fe63e1be8a0162642f8541fcdef74f1ce94"
  integrity sha512-sUxsW545klZxJE4iBAYQ8SuVS85HTOGNmIIIZWFUogB5oW3O0L+nJluXEqf/pHU82LnjDIzqsWCYQ0cRUaeYow==
  dependencies:
    "@sentry/core" "5.21.1"
    "@sentry/types" "5.21.1"
    "@sentry/utils" "5.21.1"
    tslib "^1.9.3"

"@sentry/core@5.21.1":
  version "5.21.1"
  resolved "https://registry.yarnpkg.com/@sentry/core/-/core-5.21.1.tgz#fe193b6f13db3f9a56c9bf0adce9a737540c9f60"
  integrity sha512-Luulwx3GLUiY0gmHOhU+4eSga28Ce8DwoBcRq9GkGuhPu9r80057d5urxrDLp/leIZBXVvpY7tvmSN/rMtvF9w==
  dependencies:
    "@sentry/hub" "5.21.1"
    "@sentry/minimal" "5.21.1"
    "@sentry/types" "5.21.1"
    "@sentry/utils" "5.21.1"
    tslib "^1.9.3"

"@sentry/hub@5.21.1":
  version "5.21.1"
  resolved "https://registry.yarnpkg.com/@sentry/hub/-/hub-5.21.1.tgz#7ff980060bf7129a663b71d2cb63913b0bd816b5"
  integrity sha512-x5i9Ggi5ZYMhBYL5kyTu2fUJ6owjKH2tgJL3UExoZdRyZkbLAFZb+DtfSnteWgQ6wriGfgPD3r/hAIEdaomk2A==
  dependencies:
    "@sentry/types" "5.21.1"
    "@sentry/utils" "5.21.1"
    tslib "^1.9.3"

"@sentry/integrations@^5.21.1":
  version "5.21.1"
  resolved "https://registry.yarnpkg.com/@sentry/integrations/-/integrations-5.21.1.tgz#268cdb6e87213eb2639acf05d82eabf78505e7a0"
  integrity sha512-zghpNoYHbmMBZ/KW6vElfVl+4fCAwqaw/gYmxdCHflf2J3Y/0nKHEhnnnuErdYUkDdnatGGbHlc8kFOcaKPzHw==
  dependencies:
    "@sentry/types" "5.21.1"
    "@sentry/utils" "5.21.1"
    tslib "^1.9.3"

"@sentry/minimal@5.21.1":
  version "5.21.1"
  resolved "https://registry.yarnpkg.com/@sentry/minimal/-/minimal-5.21.1.tgz#3a6482e0963a697d79e0edea563b602abe01fc86"
  integrity sha512-OBVPASZ+mcXMKajvJon9RjEZ+ny3+VGhOI66acoP1hmYxKvji1OC2bYEuP1r4qtHxWVLAdV7qFj3EQ9ckErZmQ==
  dependencies:
    "@sentry/hub" "5.21.1"
    "@sentry/types" "5.21.1"
    tslib "^1.9.3"

"@sentry/types@5.21.1":
  version "5.21.1"
  resolved "https://registry.yarnpkg.com/@sentry/types/-/types-5.21.1.tgz#b603afa2d8c331cf520ab8cef986151b18a72e73"
  integrity sha512-hFN4aDduMpjj6vZSIIp+9kSr8MglcKO/UmbuUXN6hKLewhxt+Zj2wjXN7ulSs5OK5mjXP9QLA5YJvVQsl2//qw==

"@sentry/utils@5.21.1":
  version "5.21.1"
  resolved "https://registry.yarnpkg.com/@sentry/utils/-/utils-5.21.1.tgz#fb0e96e6134a9d1e9e6eb62c1d9e0c59faac8c25"
  integrity sha512-p5vPuc7+GfOmW8CXxWd0samS77Q00YrN8q5TC/ztF8nBhEF18GiMeWAdQnlSwt3iWal3q3gSSrbF4c9guIugng==
  dependencies:
    "@sentry/types" "5.21.1"
    tslib "^1.9.3"

tslib@^1.9.3:
  version "1.13.0"
  resolved "https://registry.yarnpkg.com/tslib/-/tslib-1.13.0.tgz#c881e13cc7015894ed914862d276436fa9a47043"
  integrity sha512-i/6DQjL8Xf3be4K/E6Wgpekn5Qasl1usyw++dAA35Ue5orEn65VIxOA+YvNNl9HV3qv70T7CNwjODHZrLwvd1Q==
